{
  "name": "AWS_Dev",
  "lockfileVersion": 3,
  "requires": true,
  "packages": {
    "": {
      "dependencies": {
        "aws-cdk": "^2.1100.3",
        "aws-cdk-local": "^3.0.1",
        "ecc-universal": "^1.9.0"
      }
    },
    "node_modules/aws-cdk": {
      "version": "2.1100.3",
      "resolved": "https://registry.npmjs.org/aws-cdk/-/aws-cdk-2.1100.3.tgz",
      "integrity": "sha512-jeSamF+IwPJKhqMir7Cw+2IoeHsmNFc/SoDAlOS9BYM8Wrd0Q1jJd3GcJOFzsMcWv9mcBAP5o23amyKHu03dXA==",
      "bin": {
        "cdk": "bin/cdk"
      },
      "engines": {
        "node": ">= 18.0.0"
      },
      "optionalDependencies": {
        "fsevents": "2.3.2"
      }
    },
    "node_modules/aws-cdk-local": {
      "version": "3.0.1",
      "resolved": "https://registry.npmjs.org/aws-cdk-local/-/aws-cdk-local-3.0.1.tgz",
      "integrity": "sha512-m5Mre/nbMjwA+9zY4rc5DXzscDDgH2Y9J4/QZ95EFi++IlGHNLXnx7h/16uQoq4sWd3Z/JPjQcLf+p1aulbkpQ==",
      "dependencies": {
        "diff": "^5.0.0"
      },
      "bin": {
        "cdklocal": "bin/cdklocal"
      }
    },
    "node_modules/diff": {
      "version": "5.2.2",
      "resolved": "https://registry.npmjs.org/diff/-/diff-5.2.2.tgz",
      "integrity": "sha512-vtcDfH3TOjP8UekytvnHH1o1P4FcUdt4eQ1Y+Abap1tk/OB2MWQvcwS2ClCd1zuIhc3JKOx6p3kod8Vfys3E+A==",
      "license": "BSD-3-Clause",
      "engines": {
        "node": ">=0.3.1"
      }
    },
    "node_modules/ecc-universal": {
      "version": "1.9.0",
      "resolved": "https://registry.npmjs.org/ecc-universal/-/ecc-universal-1.9.0.tgz",
      "integrity": "sha512-3LlWa6KJhzB1x02mtxH7mA2m+bHfaNNayj9VcdZv1ytMhFgJ5dcRrc0xi/gcwe+IqH6dM/5ISWL+yc+K65ta6g==",
      "hasInstallScript": true,
      "license": "MIT",
      "dependencies": {
        "sql.js": "^1.14.1"
      },
      "bin": {
        "ecc": "scripts/ecc.js",
        "ecc-install": "scripts/install-apply.js"
      },
      "engines": {
        "node": ">=18"
      }
    },
    "node_modules/fsevents": {
      "version": "2.3.2",
      "resolved": "https://registry.npmjs.org/fsevents/-/fsevents-2.3.2.tgz",
      "integrity": "sha512-xiqMQR4xAeHTuB9uWm+fFRcIOgKBMiOBP+eXiyT7jsgVCq1bkVygt00oASowB7EdtpOHaaPgKt812P9ab+DDKA==",
      "hasInstallScript": true,
      "optional": true,
      "os": [
        "darwin"
      ],
      "engines": {
        "node": "^8.16.0 || ^10.6.0 || >=11.0.0"
      }
    },
    "node_modules/sql.js": {
      "version": "1.14.1",
      "resolved": "https://registry.npmjs.org/sql.js/-/sql.js-1.14.1.tgz",
      "integrity": "sha512-gcj8zBWU5cFsi9WUP+4bFNXAyF1iRpA3LLyS/DP5xlrNzGmPIizUeBggKa8DbDwdqaKwUcTEnChtd2grWo/x/A==",
      "license": "MIT"
    }
  }
}
